
Microsoft Visual Studio Solution File, Format Version 12.00
# Visual Studio Version 17
VisualStudioVersion = 17.9.34728.123
MinimumVisualStudioVersion = 10.0.40219.1
Project("{FAE04EC0-301F-11D3-BF4B-00C04F79EFBC}") = "MDDSQLCLR", "MDDSQLCLR\MDDSQLCLR.csproj", "{A0DA522F-977C-491C-AA32-476EA7E60F60}"
EndProject
Global
	GlobalSection(SolutionConfigurationPlatforms) = preSolution
		Debug|Any CPU = Debug|Any CPU
		Release|Any CPU = Release|Any CPU
	EndGlobalSection
	GlobalSection(ProjectConfigurationPlatforms) = postSolution
		{A0DA522F-977C-491C-AA32-476EA7E60F60}.Debug|Any CPU.ActiveCfg = Debug|Any CPU
		{A0DA522F-977C-491C-AA32-476EA7E60F60}.Debug|Any CPU.Build.0 = Debug|Any CPU
		{A0DA522F-977C-491C-AA32-476EA7E60F60}.Release|Any CPU.ActiveCfg = Release|Any CPU
		{A0DA522F-977C-491C-AA32-476EA7E60F60}.Release|Any CPU.Build.0 = Release|Any CPU
	EndGlobalSection
	GlobalSection(SolutionProperties) = preSolution
		HideSolutionNode = FALSE
	EndGlobalSection
	GlobalSection(ExtensibilityGlobals) = postSolution
		SolutionGuid = {47831550-900D-45FA-9461-E4D86782DBD5}
	EndGlobalSection
EndGlobal
